# THIS IS AN AUTOGENERATED FILE. DO NOT EDIT THIS FILE DIRECTLY.
# yarn lockfile v1


"@esy-ocaml/esy-installer@^0.0.0":
  version "0.0.0"
  resolved "https://registry.yarnpkg.com/@esy-ocaml/esy-installer/-/esy-installer-0.0.0.tgz#6b0e2bd4ee43531ac74793fe55cfcc3aca197a66"

"@esy-ocaml/merlin@^3.0.5":
  version "3.0.5005"
  resolved "https://registry.yarnpkg.com/@esy-ocaml/merlin/-/merlin-3.0.5005.tgz#4a9e2b4df20672524603b7b1797b7761d5d0d9ad"
  dependencies:
    "@esy-ocaml/esy-installer" "^0.0.0"
    "@esy-ocaml/substs" "^0.0.1"
    "@opam/ocamlfind" " >= 1.5.2"
    "@opam/yojson" "*"
  peerDependencies:
    ocaml " >= 4.2.1  < 4.7.0"

"@esy-ocaml/reason@^3.0.0", "@esy-ocaml/reason@facebook/reason#master":
  version "3.2.0"
  resolved "https://codeload.github.com/facebook/reason/tar.gz/7e0b30d81f764ec4d29e312be45d4965ea85a271"
  dependencies:
    "@esy-ocaml/esy-installer" "^0.0.0"
    "@esy-ocaml/substs" "^0.0.1"
    "@opam/jbuilder" "*"
    "@opam/menhir" " >= 20170418.0.0  <= 20171013.0.0"
    "@opam/merlin-extend" " >= 0.3.0"
    "@opam/ocaml-migrate-parsetree" "*"
    "@opam/ocamlbuild" "*"
    "@opam/ocamlfind" ""
    "@opam/result" "*"
    "@opam/utop" " >= 1.17.0"
  peerDependencies:
    ocaml " >= 4.2.0  < 4.7.0"

"@esy-ocaml/substs@^0.0.1":
  version "0.0.1"
  resolved "https://registry.yarnpkg.com/@esy-ocaml/substs/-/substs-0.0.1.tgz#59ebdbbaedcda123fc7ed8fb2b302b7d819e9a46"

"@opam/astring@*":
  version "0.8.3"
  uid b9d2587455c47bba6216ed0af6785be3
  resolved "@opam/astring@0.8.3-b9d2587455c47bba6216ed0af6785be3.tgz"
  dependencies:
    "@esy-ocaml/esy-installer" "^0.0.0"
    "@esy-ocaml/substs" "^0.0.1"
    "@opam/base-bytes" "*"
    "@opam/ocamlbuild" "*"
    "@opam/ocamlfind" "*"
    "@opam/topkg" "*"
  peerDependencies:
    ocaml " >= 4.1.0"

"@opam/base-bytes@*":
  version "0.0.0-base"
  uid bacd2a20f40952db4c545687d27548ab
  resolved "@opam/base-bytes@0.0.0-base-bacd2a20f40952db4c545687d27548ab.tgz"
  dependencies:
    "@esy-ocaml/esy-installer" "^0.0.0"
    "@esy-ocaml/substs" "^0.0.1"
    "@opam/ocamlfind" " >= 1.5.3"
  peerDependencies:
    ocaml " >= 4.2.0"

"@opam/base-threads@*":
  version "0.0.0-base"
  uid "5601b815938b487242834ca2ddd7e3fc"
  resolved "@opam/base-threads@0.0.0-base-5601b815938b487242834ca2ddd7e3fc.tgz"
  dependencies:
    "@esy-ocaml/esy-installer" "^0.0.0"
    "@esy-ocaml/substs" "^0.0.1"
  peerDependencies:
    ocaml "*"

"@opam/base-unix@*":
  version "0.0.0-base"
  uid "04bc004c59f2edca849d38ea6891bb7f"
  resolved "@opam/base-unix@0.0.0-base-04bc004c59f2edca849d38ea6891bb7f.tgz"
  dependencies:
    "@esy-ocaml/esy-installer" "^0.0.0"
    "@esy-ocaml/substs" "^0.0.1"
  peerDependencies:
    ocaml "*"

"@opam/base64@ >= 2.0.0":
  version "2.2.0"
  uid "97a14c2ff957e6af7f257e77a9f6d0ce"
  resolved "@opam/base64@2.2.0-97a14c2ff957e6af7f257e77a9f6d0ce.tgz"
  dependencies:
    "@esy-ocaml/esy-installer" "^0.0.0"
    "@esy-ocaml/substs" "^0.0.1"
    "@opam/base-bytes" "*"
    "@opam/jbuilder" " >= 1.0.0-beta10"
  peerDependencies:
    ocaml "*"

"@opam/base@ >= 100000000.11.0", "@opam/base@ >= 100000000.11.0  < 100000000.12.0":
  version "100000000.11.0"
  uid bc00e1d61667c3f8d236001d7ba69558
  resolved "@opam/base@100000000.11.0-bc00e1d61667c3f8d236001d7ba69558.tgz"
  dependencies:
    "@esy-ocaml/esy-installer" "^0.0.0"
    "@esy-ocaml/substs" "^0.0.1"
    "@opam/jbuilder" " >= 1.0.0-beta181"
    "@opam/sexplib0" " >= 100000000.11.0  < 100000000.12.0"
  peerDependencies:
    ocaml " >= 4.4.1000  < 4.7.0"

"@opam/biniou@ >= 1.2.0":
  version "1.2.0"
  uid af4880e80be63bbb3043fb7184882eb8
  resolved "@opam/biniou@1.2.0-af4880e80be63bbb3043fb7184882eb8.tgz"
  dependencies:
    "@esy-ocaml/esy-installer" "^0.0.0"
    "@esy-ocaml/substs" "^0.0.1"
    "@opam/conf-which" "*"
    "@opam/easy-format" "*"
    "@opam/jbuilder" " >= 1.0.0-beta7"
  peerDependencies:
    ocaml " >= 4.2.3000"

"@opam/camlp4@*":
  version "4.6.0-1"
  uid ec9e71b1e73d101ab8ef9a66cc9035e7
  resolved "@opam/camlp4@4.6.0-1-ec9e71b1e73d101ab8ef9a66cc9035e7.tgz"
  dependencies:
    "@esy-ocaml/esy-installer" "^0.0.0"
    "@esy-ocaml/substs" "^0.0.1"
    "@opam/ocamlbuild" "*"
  peerDependencies:
    ocaml " >= 4.6.0  < 4.7.0"

"@opam/camomile@ >= 0.8.0", "@opam/camomile@ >= 0.8.6", "@opam/camomile@*":
  version "1.0.1"
  uid f4d58fb782e0362b7848320ac26890de
  resolved "@opam/camomile@1.0.1-f4d58fb782e0362b7848320ac26890de.tgz"
  dependencies:
    "@esy-ocaml/esy-installer" "^0.0.0"
    "@esy-ocaml/substs" "^0.0.1"
    "@opam/camlp4" "*"
    "@opam/jbuilder" " >= 1.0.0-beta17"
  peerDependencies:
    ocaml " >= 4.2.3000"

"@opam/cmdliner@*":
  version "1.0.2"
  uid "4b1c61475a9d1d2451b622ad0f3e58d2"
  resolved "@opam/cmdliner@1.0.2-4b1c61475a9d1d2451b622ad0f3e58d2.tgz"
  dependencies:
    "@esy-ocaml/esy-installer" "^0.0.0"
    "@esy-ocaml/substs" "^0.0.1"
    "@opam/ocamlbuild" "*"
    "@opam/ocamlfind" "*"
    "@opam/result" "*"
    "@opam/topkg" "*"
  peerDependencies:
    ocaml " >= 4.1.0"

"@opam/cohttp-lwt-unix@~1.0.2":
  version "1.0.2"
  uid a768efe5af23e18a2520e616e47bab74
  resolved "@opam/cohttp-lwt-unix@1.0.2-a768efe5af23e18a2520e616e47bab74.tgz"
  dependencies:
    "@esy-ocaml/esy-installer" "^0.0.0"
    "@esy-ocaml/substs" "^0.0.1"
    "@opam/base-unix" "*"
    "@opam/cmdliner" "*"
    "@opam/cohttp-lwt" " >= 1.0.2"
    "@opam/conduit-lwt-unix" " >= 1.0.3"
    "@opam/fmt" " >= 0.8.2"
    "@opam/jbuilder" " >= 1.0.0-beta10"
    "@opam/logs" "*"
    "@opam/lwt" " >= 3.0.0  < 4.0.0"
    "@opam/magic-mime" "*"
  peerDependencies:
    ocaml " >= 4.3.0"

"@opam/cohttp-lwt@ >= 1.0.2":
  version "1.0.2"
  uid "19fd739822d2d35050b30da6e6281451"
  resolved "@opam/cohttp-lwt@1.0.2-19fd739822d2d35050b30da6e6281451.tgz"
  dependencies:
    "@esy-ocaml/esy-installer" "^0.0.0"
    "@esy-ocaml/substs" "^0.0.1"
    "@opam/cohttp" " >= 1.0.0"
    "@opam/jbuilder" " >= 1.0.0-beta10"
    "@opam/lwt" "*"
  peerDependencies:
    ocaml " >= 4.3.0"

"@opam/cohttp@ >= 1.0.0":
  version "1.1.0"
  uid "66cd5d3959d283bf19cabd8f17d734b6"
  resolved "@opam/cohttp@1.1.0-66cd5d3959d283bf19cabd8f17d734b6.tgz"
  dependencies:
    "@esy-ocaml/esy-installer" "^0.0.0"
    "@esy-ocaml/substs" "^0.0.1"
    "@opam/base64" " >= 2.0.0"
    "@opam/fieldslib" "*"
    "@opam/jbuilder" " >= 1.0.0-beta10"
    "@opam/jsonm" "*"
    "@opam/ppx_fields_conv" " >= 100000000.9.0"
    "@opam/ppx_sexp_conv" " >= 100000000.9.0"
    "@opam/ppx_type_conv" " >= 100000000.9.1"
    "@opam/re" " >= 1.7.2"
    "@opam/sexplib" "*"
    "@opam/stringext" "*"
    "@opam/uri" " >= 1.9.0"
  peerDependencies:
    ocaml " >= 4.3.0"

"@opam/conduit-lwt-unix@ >= 1.0.3":
  version "1.1.0"
  uid aa975e93ad914cd3c7ddb6a3d563d582
  resolved "@opam/conduit-lwt-unix@1.1.0-aa975e93ad914cd3c7ddb6a3d563d582.tgz"
  dependencies:
    "@esy-ocaml/esy-installer" "^0.0.0"
    "@esy-ocaml/substs" "^0.0.1"
    "@opam/base-unix" "*"
    "@opam/conduit-lwt" " >= 1.1.0"
    "@opam/ipaddr" " >= 2.8.0"
    "@opam/jbuilder" " >= 1.0.0-beta9"
    "@opam/lwt" " >= 3.0.0"
    "@opam/ppx_sexp_conv" "*"
    "@opam/uri" " >= 1.9.4"
  peerDependencies:
    ocaml " >= 4.3.0"

"@opam/conduit-lwt@ >= 1.1.0":
  version "1.1.0"
  uid ac29175472a53406cdf8b8d51359f961
  resolved "@opam/conduit-lwt@1.1.0-ac29175472a53406cdf8b8d51359f961.tgz"
  dependencies:
    "@esy-ocaml/esy-installer" "^0.0.0"
    "@esy-ocaml/substs" "^0.0.1"
    "@opam/base-unix" "*"
    "@opam/conduit" " >= 1.1.0"
    "@opam/jbuilder" " >= 1.0.0-beta9"
    "@opam/lwt" " >= 3.0.0"
    "@opam/ppx_sexp_conv" "*"
  peerDependencies:
    ocaml " >= 4.3.0"

"@opam/conduit@ >= 1.1.0":
  version "1.1.0"
  uid eec27d4299cc70eaf1bb0cf29fc33b1d
  resolved "@opam/conduit@1.1.0-eec27d4299cc70eaf1bb0cf29fc33b1d.tgz"
  dependencies:
    "@esy-ocaml/esy-installer" "^0.0.0"
    "@esy-ocaml/substs" "^0.0.1"
    "@opam/astring" "*"
    "@opam/ipaddr" " >= 2.5.0"
    "@opam/jbuilder" " >= 1.0.0-beta9"
    "@opam/logs" " >= 0.5.0"
    "@opam/ppx_sexp_conv" "*"
    "@opam/result" "*"
    "@opam/sexplib" "*"
    "@opam/uri" "*"
  peerDependencies:
    ocaml " >= 4.3.0"

"@opam/conf-m4@*":
  version "1.0.0"
  uid "97f0966b2e2652d02c0d9125781c31df"
  resolved "@opam/conf-m4@1.0.0-97f0966b2e2652d02c0d9125781c31df.tgz"
  dependencies:
    "@esy-ocaml/esy-installer" "^0.0.0"
    "@esy-ocaml/substs" "^0.0.1"
  peerDependencies:
    ocaml "*"

"@opam/conf-which@*":
  version "1.0.0"
  uid b7770c8a3ebbb7f8a80c925753375bb8
  resolved "@opam/conf-which@1.0.0-b7770c8a3ebbb7f8a80c925753375bb8.tgz"
  dependencies:
    "@esy-ocaml/esy-installer" "^0.0.0"
    "@esy-ocaml/substs" "^0.0.1"
  peerDependencies:
    ocaml "*"

"@opam/cppo@ >= 1.1.0", "@opam/cppo@ >= 1.1.2", "@opam/cppo@*":
  version "1.6.4"
  uid "0caf37d16727e17fbcd4e9b41a467f91"
  resolved "@opam/cppo@1.6.4-0caf37d16727e17fbcd4e9b41a467f91.tgz"
  dependencies:
    "@esy-ocaml/esy-installer" "^0.0.0"
    "@esy-ocaml/substs" "^0.0.1"
    "@opam/base-bytes" "*"
    "@opam/base-unix" "*"
    "@opam/jbuilder" " >= 1.0.0-beta17"
  peerDependencies:
    ocaml "*"

"@opam/easy-format@*":
  version "1.3.1"
  uid "0c2f9b085eba4175086013e7ef48ba05"
  resolved "@opam/easy-format@1.3.1-0c2f9b085eba4175086013e7ef48ba05.tgz"
  dependencies:
    "@esy-ocaml/esy-installer" "^0.0.0"
    "@esy-ocaml/substs" "^0.0.1"
    "@opam/jbuilder" "*"
  peerDependencies:
    ocaml " >= 4.2.3000"

"@opam/fieldslib@ >= 100000000.11.0  < 100000000.12.0", "@opam/fieldslib@*":
  version "100000000.11.0"
  uid c18be273c28d2c7cc84837475c4cd8bd
  resolved "@opam/fieldslib@100000000.11.0-c18be273c28d2c7cc84837475c4cd8bd.tgz"
  dependencies:
    "@esy-ocaml/esy-installer" "^0.0.0"
    "@esy-ocaml/substs" "^0.0.1"
    "@opam/base" " >= 100000000.11.0  < 100000000.12.0"
    "@opam/jbuilder" " >= 1.0.0-beta181"
    "@opam/ocaml-migrate-parsetree" " >= 1.0.0"
    "@opam/ppxlib" " >= 0.1.0"
  peerDependencies:
    ocaml " >= 4.4.1000"

"@opam/fmt@ >= 0.8.2":
  version "0.8.5"
  uid e11ffecd1ece76196e4274a6567b935c
  resolved "@opam/fmt@0.8.5-e11ffecd1ece76196e4274a6567b935c.tgz"
  dependencies:
    "@esy-ocaml/esy-installer" "^0.0.0"
    "@esy-ocaml/substs" "^0.0.1"
    "@opam/ocamlbuild" "*"
    "@opam/ocamlfind" "*"
    "@opam/result" "*"
    "@opam/topkg" " >= 0.9.0"
    "@opam/uchar" "*"
  peerDependencies:
    ocaml " >= 4.1.0"

"@opam/ipaddr@ >= 2.5.0", "@opam/ipaddr@ >= 2.8.0":
  version "2.8.0"
  uid d37842c0fdbdc93a38038c831f214cc7
  resolved "@opam/ipaddr@2.8.0-d37842c0fdbdc93a38038c831f214cc7.tgz"
  dependencies:
    "@esy-ocaml/esy-installer" "^0.0.0"
    "@esy-ocaml/substs" "^0.0.1"
    "@opam/base-bytes" "*"
    "@opam/jbuilder" " >= 1.0.0-beta7"
    "@opam/ppx_sexp_conv" " >= 100000000.9.0"
    "@opam/sexplib" "*"
  peerDependencies:
    ocaml " >= 4.3.0"

"@opam/jbuilder@ >= 1.0.0-beta10", "@opam/jbuilder@ >= 1.0.0-beta12", "@opam/jbuilder@ >= 1.0.0-beta14", "@opam/jbuilder@ >= 1.0.0-beta17", "@opam/jbuilder@ >= 1.0.0-beta181", "@opam/jbuilder@ >= 1.0.0-beta7", "@opam/jbuilder@ >= 1.0.0-beta9", "@opam/jbuilder@*", "@opam/jbuilder@^1.0.0-beta20":
  version "1.0.0-beta20"
  uid "1648206284a54407f6eee01ed950fff7"
  resolved "@opam/jbuilder@1.0.0-beta20-1648206284a54407f6eee01ed950fff7.tgz"
  dependencies:
    "@esy-ocaml/esy-installer" "^0.0.0"
    "@esy-ocaml/substs" "^0.0.1"
    "@opam/ocamlfind" "*"
  peerDependencies:
    ocaml " >= 4.2.3000"

"@opam/jsonm@*":
  version "1.0.1"
  uid e9ae8822e03fa17e64153567b204683a
  resolved "@opam/jsonm@1.0.1-e9ae8822e03fa17e64153567b204683a.tgz"
  dependencies:
    "@esy-ocaml/esy-installer" "^0.0.0"
    "@esy-ocaml/substs" "^0.0.1"
    "@opam/ocamlbuild" "*"
    "@opam/ocamlfind" "*"
    "@opam/topkg" "*"
    "@opam/uchar" "*"
    "@opam/uutf" " >= 1.0.0"
  peerDependencies:
    ocaml " >= 4.1.0"

"@opam/lambda-term@ >= 1.2.0":
  version "1.13.0"
  uid "6d7e4793dfd6daffbae4f952f9ee6e81"
  resolved "@opam/lambda-term@1.13.0-6d7e4793dfd6daffbae4f952f9ee6e81.tgz"
  dependencies:
    "@esy-ocaml/esy-installer" "^0.0.0"
    "@esy-ocaml/substs" "^0.0.1"
    "@opam/camomile" " >= 0.8.6"
    "@opam/jbuilder" " >= 1.0.0-beta9"
    "@opam/lwt" " >= 2.7.0"
    "@opam/lwt_log" "*"
    "@opam/lwt_react" "*"
    "@opam/react" "*"
    "@opam/zed" " >= 1.2.0"
  peerDependencies:
    ocaml " >= 4.2.3000"

"@opam/lambdasoup@~0.6.3":
  version "0.6.3"
  uid "61fcf00e11c21693932d03c7195bdc9a"
  resolved "@opam/lambdasoup@0.6.3-61fcf00e11c21693932d03c7195bdc9a.tgz"
  dependencies:
    "@esy-ocaml/esy-installer" "^0.0.0"
    "@esy-ocaml/substs" "^0.0.1"
    "@opam/jbuilder" " >= 1.0.0-beta10"
    "@opam/markup" " >= 0.7.1"
  peerDependencies:
    ocaml "*"

"@opam/logs@ >= 0.5.0", "@opam/logs@*":
  version "0.6.2"
  uid "3f7e1884599f588660d5f4a1b0f24bbf"
  resolved "@opam/logs@0.6.2-3f7e1884599f588660d5f4a1b0f24bbf.tgz"
  dependencies:
    "@esy-ocaml/esy-installer" "^0.0.0"
    "@esy-ocaml/substs" "^0.0.1"
    "@opam/ocamlbuild" "*"
    "@opam/ocamlfind" "*"
    "@opam/result" "*"
    "@opam/topkg" "*"
  peerDependencies:
    ocaml " >= 4.1.0"

"@opam/lwt@ >= 2.7.0", "@opam/lwt@ >= 3.0.0", "@opam/lwt@ >= 3.0.0  < 4.0.0", "@opam/lwt@ >= 4.0.0", "@opam/lwt@*", "@opam/lwt@3.3.0":
  version "3.3.0"
  uid "7a557303c8bfd71515f716b5429733b0"
  resolved "@opam/lwt@3.3.0-7a557303c8bfd71515f716b5429733b0.tgz"
  dependencies:
    "@esy-ocaml/esy-installer" "^0.0.0"
    "@esy-ocaml/substs" "^0.0.1"
    "@opam/cppo" " >= 1.1.0"
    "@opam/jbuilder" " >= 1.0.0-beta14"
    "@opam/ocaml-migrate-parsetree" "*"
    "@opam/ocamlfind" " >= 1.7.3--1"
    "@opam/ppx_tools_versioned" " >= 5.0.1"
    "@opam/result" "*"
  peerDependencies:
    ocaml " >= 4.2.0"

"@opam/lwt_log@*":
  version "1.1.0"
  uid a5ed5c2c180f7d47ed17e08091e343da
  resolved "@opam/lwt_log@1.1.0-a5ed5c2c180f7d47ed17e08091e343da.tgz"
  dependencies:
    "@esy-ocaml/esy-installer" "^0.0.0"
    "@esy-ocaml/substs" "^0.0.1"
    "@opam/jbuilder" " >= 1.0.0-beta10"
    "@opam/lwt" " >= 4.0.0"
  peerDependencies:
    ocaml "*"

"@opam/lwt_react@*":
  version "1.1.1"
  uid aa9053f8fd0e2684a474b8dbcc0a30d6
  resolved "@opam/lwt_react@1.1.1-aa9053f8fd0e2684a474b8dbcc0a30d6.tgz"
  dependencies:
    "@esy-ocaml/esy-installer" "^0.0.0"
    "@esy-ocaml/substs" "^0.0.1"
    "@opam/jbuilder" " >= 1.0.0-beta14"
    "@opam/lwt" " >= 3.0.0"
    "@opam/react" " >= 1.0.0"
  peerDependencies:
    ocaml "*"

"@opam/magic-mime@*":
  version "1.1.0"
  uid e7964e580f0fc4ef1d63bbc9d2fa1b55
  resolved "@opam/magic-mime@1.1.0-e7964e580f0fc4ef1d63bbc9d2fa1b55.tgz"
  dependencies:
    "@esy-ocaml/esy-installer" "^0.0.0"
    "@esy-ocaml/substs" "^0.0.1"
    "@opam/jbuilder" " >= 1.0.0-beta9"
  peerDependencies:
    ocaml " >= 4.3.0"

"@opam/markup@ >= 0.7.1":
  version "0.7.6"
  uid "226b2e4df4a76ef604d38f480581a12c"
  resolved "@opam/markup@0.7.6-226b2e4df4a76ef604d38f480581a12c.tgz"
  dependencies:
    "@esy-ocaml/esy-installer" "^0.0.0"
    "@esy-ocaml/substs" "^0.0.1"
    "@opam/jbuilder" " >= 1.0.0-beta17"
    "@opam/uchar" "*"
    "@opam/uutf" " >= 1.0.0"
  peerDependencies:
    ocaml "*"

"@opam/menhir@ >= 20170418.0.0  <= 20171013.0.0":
  version "20171013.0.0"
  uid "358990f51123ce9d3629e66b9ead67ee"
  resolved "@opam/menhir@20171013.0.0-358990f51123ce9d3629e66b9ead67ee.tgz"
  dependencies:
    "@esy-ocaml/esy-installer" "^0.0.0"
    "@esy-ocaml/substs" "^0.0.1"
    "@opam/ocamlbuild" "*"
    "@opam/ocamlfind" "*"
  peerDependencies:
    ocaml " >= 4.2.0"

"@opam/merlin-extend@ >= 0.3.0":
  version "0.3.0"
  uid d688ddc39d2c47f4c3083de2fa51bf7e
  resolved "@opam/merlin-extend@0.3.0-d688ddc39d2c47f4c3083de2fa51bf7e.tgz"
  dependencies:
    "@esy-ocaml/esy-installer" "^0.0.0"
    "@esy-ocaml/substs" "^0.0.1"
    "@opam/cppo" "*"
    "@opam/ocamlfind" "*"
  peerDependencies:
    ocaml " >= 4.2.3000"

"@opam/num@*":
  version "1.1.0"
  uid "269a29bf7bb263dc53b882ff32902fa3"
  resolved "@opam/num@1.1.0-269a29bf7bb263dc53b882ff32902fa3.tgz"
  dependencies:
    "@esy-ocaml/esy-installer" "^0.0.0"
    "@esy-ocaml/substs" "^0.0.1"
    "@opam/ocamlfind" " >= 1.7.3"
  peerDependencies:
    ocaml " >= 4.6.0"

"@opam/ocaml-compiler-libs@ >= 100000000.11.0":
  version "100000000.11.0"
  uid "6bbef43e036aa696a6b8891516fd385a"
  resolved "@opam/ocaml-compiler-libs@100000000.11.0-6bbef43e036aa696a6b8891516fd385a.tgz"
  dependencies:
    "@esy-ocaml/esy-installer" "^0.0.0"
    "@esy-ocaml/substs" "^0.0.1"
    "@opam/jbuilder" " >= 1.0.0-beta12"
  peerDependencies:
    ocaml " >= 4.4.1000"

"@opam/ocaml-migrate-parsetree@ >= 1.0.0", "@opam/ocaml-migrate-parsetree@ >= 1.0.7", "@opam/ocaml-migrate-parsetree@ >= 1.0.9", "@opam/ocaml-migrate-parsetree@*", "@opam/ocaml-migrate-parsetree@1.0.11":
  version "1.0.11"
  uid dcb22383e7970b66cc403330660dac46
  resolved "@opam/ocaml-migrate-parsetree@1.0.11-dcb22383e7970b66cc403330660dac46.tgz"
  dependencies:
    "@esy-ocaml/esy-installer" "^0.0.0"
    "@esy-ocaml/substs" "^0.0.1"
    "@opam/jbuilder" " >= 1.0.0-beta181"
    "@opam/ocamlfind" "*"
    "@opam/result" "*"
  peerDependencies:
    ocaml " >= 4.2.0"

"@opam/ocamlbuild@*":
  version "0.12.0"
  uid "4d2353d6f9d4e9f658ffea64707c152a"
  resolved "@opam/ocamlbuild@0.12.0-4d2353d6f9d4e9f658ffea64707c152a.tgz"
  dependencies:
    "@esy-ocaml/esy-installer" "^0.0.0"
    "@esy-ocaml/substs" "^0.0.1"
  peerDependencies:
    ocaml " >= 4.3.0"

"@opam/ocamlfind@", "@opam/ocamlfind@ >= 1.5.0", "@opam/ocamlfind@ >= 1.5.2", "@opam/ocamlfind@ >= 1.5.3", "@opam/ocamlfind@ >= 1.6.1", "@opam/ocamlfind@ >= 1.7.2", "@opam/ocamlfind@ >= 1.7.3", "@opam/ocamlfind@ >= 1.7.3--1", "@opam/ocamlfind@*":
  version "1.8.0"
  uid "525500c3041431ef23d0f7d1895c8b9a"
  resolved "@opam/ocamlfind@1.8.0-525500c3041431ef23d0f7d1895c8b9a.tgz"
  dependencies:
    "@esy-ocaml/esy-installer" "^0.0.0"
    "@esy-ocaml/substs" "^0.0.1"
    "@opam/conf-m4" "*"
  peerDependencies:
    ocaml " >= 4.0.0"

"@opam/parsexp@ >= 100000000.11.0  < 100000000.12.0":
  version "100000000.11.0"
  uid "7936ab3dfeb968e665116b03bf2c9c1d"
  resolved "@opam/parsexp@100000000.11.0-7936ab3dfeb968e665116b03bf2c9c1d.tgz"
  dependencies:
    "@esy-ocaml/esy-installer" "^0.0.0"
    "@esy-ocaml/substs" "^0.0.1"
    "@opam/jbuilder" " >= 1.0.0-beta181"
    "@opam/sexplib0" " >= 100000000.11.0  < 100000000.12.0"
  peerDependencies:
    ocaml " >= 4.4.1000"

"@opam/ppx_derivers@ >= 1.0.0":
  version "1.0.0"
  uid "9a473fcbc90d0e2716008fca78704eaa"
  resolved "@opam/ppx_derivers@1.0.0-9a473fcbc90d0e2716008fca78704eaa.tgz"
  dependencies:
    "@esy-ocaml/esy-installer" "^0.0.0"
    "@esy-ocaml/substs" "^0.0.1"
    "@opam/jbuilder" " >= 1.0.0-beta7"
  peerDependencies:
    ocaml "*"

"@opam/ppx_fields_conv@ >= 100000000.9.0":
  version "100000000.11.0"
  uid "59d1a28742931f206205be4c1aa33339"
  resolved "@opam/ppx_fields_conv@100000000.11.0-59d1a28742931f206205be4c1aa33339.tgz"
  dependencies:
    "@esy-ocaml/esy-installer" "^0.0.0"
    "@esy-ocaml/substs" "^0.0.1"
    "@opam/base" " >= 100000000.11.0  < 100000000.12.0"
    "@opam/fieldslib" " >= 100000000.11.0  < 100000000.12.0"
    "@opam/jbuilder" " >= 1.0.0-beta181"
    "@opam/ocaml-migrate-parsetree" " >= 1.0.0"
    "@opam/ppxlib" " >= 0.1.0"
  peerDependencies:
    ocaml " >= 4.4.1000"

"@opam/ppx_sexp_conv@ >= 100000000.9.0", "@opam/ppx_sexp_conv@*":
  version "100000000.11.2"
  uid a7c05f4f206a7fda9f2ecd90465e7f4d
  resolved "@opam/ppx_sexp_conv@100000000.11.2-a7c05f4f206a7fda9f2ecd90465e7f4d.tgz"
  dependencies:
    "@esy-ocaml/esy-installer" "^0.0.0"
    "@esy-ocaml/substs" "^0.0.1"
    "@opam/base" " >= 100000000.11.0  < 100000000.12.0"
    "@opam/jbuilder" " >= 1.0.0-beta181"
    "@opam/ocaml-migrate-parsetree" " >= 1.0.0"
    "@opam/ppxlib" " >= 0.3.0"
  peerDependencies:
    ocaml " >= 4.4.1000"

"@opam/ppx_tools_versioned@ >= 5.0.1":
  version "5.1.0"
  uid "563cec821710613b61de9bf99ebebe65"
  resolved "@opam/ppx_tools_versioned@5.1.0-563cec821710613b61de9bf99ebebe65.tgz"
  dependencies:
    "@esy-ocaml/esy-installer" "^0.0.0"
    "@esy-ocaml/substs" "^0.0.1"
    "@opam/ocaml-migrate-parsetree" " >= 1.0.7"
    "@opam/ocamlfind" " >= 1.5.0"
  peerDependencies:
    ocaml " >= 4.2.0"

"@opam/ppx_type_conv@ >= 100000000.9.1":
  version "100000000.11.0"
  uid "8ef5ceb8c45e2a149b1e52baa1377b5b"
  resolved "@opam/ppx_type_conv@100000000.11.0-8ef5ceb8c45e2a149b1e52baa1377b5b.tgz"
  dependencies:
    "@esy-ocaml/esy-installer" "^0.0.0"
    "@esy-ocaml/substs" "^0.0.1"
    "@opam/jbuilder" " >= 1.0.0-beta181"
    "@opam/ppxlib" " >= 0.1.0  < 0.3.0"
  peerDependencies:
    ocaml " >= 4.4.1000"

"@opam/ppxlib@ >= 0.1.0", "@opam/ppxlib@ >= 0.1.0  < 0.3.0", "@opam/ppxlib@ >= 0.3.0", "@opam/ppxlib@0.2.1":
  version "0.2.1"
  uid b5143a693858724786283eccea9b21c3
  resolved "@opam/ppxlib@0.2.1-b5143a693858724786283eccea9b21c3.tgz"
  dependencies:
    "@esy-ocaml/esy-installer" "^0.0.0"
    "@esy-ocaml/substs" "^0.0.1"
    "@opam/base" " >= 100000000.11.0"
    "@opam/jbuilder" " >= 1.0.0-beta181"
    "@opam/ocaml-compiler-libs" " >= 100000000.11.0"
    "@opam/ocaml-migrate-parsetree" " >= 1.0.9"
    "@opam/ppx_derivers" " >= 1.0.0"
    "@opam/stdio" " >= 100000000.11.0"
  peerDependencies:
    ocaml " >= 4.4.1000"

"@opam/re@ >= 1.7.2", "@opam/re@*", "@opam/re@~1.7.3":
  version "1.7.3"
  uid "98b9a57656724b0540d0e404ad8a6024"
  resolved "@opam/re@1.7.3-98b9a57656724b0540d0e404ad8a6024.tgz"
  dependencies:
    "@esy-ocaml/esy-installer" "^0.0.0"
    "@esy-ocaml/substs" "^0.0.1"
    "@opam/jbuilder" " >= 1.0.0-beta10"
  peerDependencies:
    ocaml " >= 4.2.3000"

"@opam/react@ >= 1.0.0", "@opam/react@*":
  version "1.2.1"
  uid "719921829ec3b46cecefeeaefcb6cb61"
  resolved "@opam/react@1.2.1-719921829ec3b46cecefeeaefcb6cb61.tgz"
  dependencies:
    "@esy-ocaml/esy-installer" "^0.0.0"
    "@esy-ocaml/substs" "^0.0.1"
    "@opam/ocamlbuild" "*"
    "@opam/ocamlfind" "*"
    "@opam/topkg" " >= 0.9.0"
  peerDependencies:
    ocaml " >= 4.1.0"

"@opam/result@*", "@opam/result@1.2.0":
  version "1.2.0"
  uid "5c62071e67f4a84e28ceeaac2969d1ae"
  resolved "@opam/result@1.2.0-5c62071e67f4a84e28ceeaac2969d1ae.tgz"
  dependencies:
    "@esy-ocaml/esy-installer" "^0.0.0"
    "@esy-ocaml/substs" "^0.0.1"
  peerDependencies:
    ocaml "*"

"@opam/sexplib0@ >= 100000000.11.0  < 100000000.12.0":
  version "100000000.11.0"
  uid "10c8e60e028dd16eb8811cfef7796c76"
  resolved "@opam/sexplib0@100000000.11.0-10c8e60e028dd16eb8811cfef7796c76.tgz"
  dependencies:
    "@esy-ocaml/esy-installer" "^0.0.0"
    "@esy-ocaml/substs" "^0.0.1"
    "@opam/jbuilder" " >= 1.0.0-beta181"
  peerDependencies:
    ocaml " >= 4.4.1000"

"@opam/sexplib@ >= 100000000.9.0", "@opam/sexplib@*":
  version "100000000.11.0"
  uid f1d210d5156f4612ed373a63f07f45bd
  resolved "@opam/sexplib@100000000.11.0-f1d210d5156f4612ed373a63f07f45bd.tgz"
  dependencies:
    "@esy-ocaml/esy-installer" "^0.0.0"
    "@esy-ocaml/substs" "^0.0.1"
    "@opam/jbuilder" " >= 1.0.0-beta181"
    "@opam/num" "*"
    "@opam/parsexp" " >= 100000000.11.0  < 100000000.12.0"
    "@opam/sexplib0" " >= 100000000.11.0  < 100000000.12.0"
  peerDependencies:
    ocaml " >= 4.4.1000"

"@opam/stdio@ >= 100000000.11.0":
  version "100000000.11.0"
  uid "27da8885d79d100990c21e366639857c"
  resolved "@opam/stdio@100000000.11.0-27da8885d79d100990c21e366639857c.tgz"
  dependencies:
    "@esy-ocaml/esy-installer" "^0.0.0"
    "@esy-ocaml/substs" "^0.0.1"
    "@opam/base" " >= 100000000.11.0  < 100000000.12.0"
    "@opam/jbuilder" " >= 1.0.0-beta181"
  peerDependencies:
    ocaml " >= 4.4.1000"

"@opam/stringext@ >= 1.4.0", "@opam/stringext@*":
  version "1.5.0"
  uid "7cfa321a7d5c0b06d223c761caaf64b3"
  resolved "@opam/stringext@1.5.0-7cfa321a7d5c0b06d223c761caaf64b3.tgz"
  dependencies:
    "@esy-ocaml/esy-installer" "^0.0.0"
    "@esy-ocaml/substs" "^0.0.1"
    "@opam/base-bytes" "*"
    "@opam/jbuilder" " >= 1.0.0-beta10"
  peerDependencies:
    ocaml " >= 4.2.3000"

"@opam/topkg@ >= 0.9.0", "@opam/topkg@*":
  version "0.9.1"
  uid "516192416bf683eb7edf2dbd649d014d"
  resolved "@opam/topkg@0.9.1-516192416bf683eb7edf2dbd649d014d.tgz"
  dependencies:
    "@esy-ocaml/esy-installer" "^0.0.0"
    "@esy-ocaml/substs" "^0.0.1"
    "@opam/ocamlbuild" "*"
    "@opam/ocamlfind" " >= 1.6.1"
    "@opam/result" "*"
  peerDependencies:
    ocaml " >= 4.1.0"

"@opam/uchar@*":
  version "0.0.2"
  uid "234806fdd6b50b459a41e955c67d875d"
  resolved "@opam/uchar@0.0.2-234806fdd6b50b459a41e955c67d875d.tgz"
  dependencies:
    "@esy-ocaml/esy-installer" "^0.0.0"
    "@esy-ocaml/substs" "^0.0.1"
    "@opam/ocamlbuild" "*"
  peerDependencies:
    ocaml " >= 3.12.0"

"@opam/uri@ >= 1.9.0", "@opam/uri@ >= 1.9.4", "@opam/uri@*":
  version "1.9.6"
  uid "09920f25025c687affd8ccd2b86e8cc8"
  resolved "@opam/uri@1.9.6-09920f25025c687affd8ccd2b86e8cc8.tgz"
  dependencies:
    "@esy-ocaml/esy-installer" "^0.0.0"
    "@esy-ocaml/substs" "^0.0.1"
    "@opam/base-bytes" "*"
    "@opam/jbuilder" " >= 1.0.0-beta7"
    "@opam/ppx_sexp_conv" " >= 100000000.9.0"
    "@opam/re" "*"
    "@opam/sexplib" " >= 100000000.9.0"
    "@opam/stringext" " >= 1.4.0"
  peerDependencies:
    ocaml " >= 4.3.0"

"@opam/utop@ >= 1.17.0":
  version "2.1.0"
  uid "1cdb125d1fe88a786f78fdbd62b3d2de"
  resolved "@opam/utop@2.1.0-1cdb125d1fe88a786f78fdbd62b3d2de.tgz"
  dependencies:
    "@esy-ocaml/esy-installer" "^0.0.0"
    "@esy-ocaml/substs" "^0.0.1"
    "@opam/base-threads" "*"
    "@opam/base-unix" "*"
    "@opam/camomile" "*"
    "@opam/cppo" " >= 1.1.2"
    "@opam/jbuilder" " >= 1.0.0-beta9"
    "@opam/lambda-term" " >= 1.2.0"
    "@opam/lwt" "*"
    "@opam/lwt_react" "*"
    "@opam/ocamlfind" " >= 1.7.2"
    "@opam/react" " >= 1.0.0"
  peerDependencies:
    ocaml " >= 4.2.3000  < 4.7.0"

"@opam/uutf@ >= 1.0.0":
  version "1.0.1"
  uid "9589d2ad188af830089b91232e835972"
  resolved "@opam/uutf@1.0.1-9589d2ad188af830089b91232e835972.tgz"
  dependencies:
    "@esy-ocaml/esy-installer" "^0.0.0"
    "@esy-ocaml/substs" "^0.0.1"
    "@opam/ocamlbuild" "*"
    "@opam/ocamlfind" "*"
    "@opam/topkg" "*"
    "@opam/uchar" "*"
  peerDependencies:
    ocaml " >= 4.1.0"

"@opam/yojson@*", "@opam/yojson@~1.4.1":
  version "1.4.1"
  uid "1d23ddc5148ccb2ca2e11f0a854d35dd"
  resolved "@opam/yojson@1.4.1-1d23ddc5148ccb2ca2e11f0a854d35dd.tgz"
  dependencies:
    "@esy-ocaml/esy-installer" "^0.0.0"
    "@esy-ocaml/substs" "^0.0.1"
    "@opam/biniou" " >= 1.2.0"
    "@opam/cppo" "*"
    "@opam/easy-format" "*"
    "@opam/jbuilder" "*"
  peerDependencies:
    ocaml " >= 4.2.3000"

"@opam/zed@ >= 1.2.0":
  version "1.6.0"
  uid "9a4c3157c2db719927f9648234487c6d"
  resolved "@opam/zed@1.6.0-9a4c3157c2db719927f9648234487c6d.tgz"
  dependencies:
    "@esy-ocaml/esy-installer" "^0.0.0"
    "@esy-ocaml/substs" "^0.0.1"
    "@opam/base-bytes" "*"
    "@opam/camomile" " >= 0.8.0"
    "@opam/jbuilder" " >= 1.0.0-beta9"
    "@opam/react" "*"
  peerDependencies:
    ocaml " >= 4.2.3000"

ocaml@~4.6.1:
  version "4.6.1"
  resolved "https://registry.yarnpkg.com/ocaml/-/ocaml-4.6.1.tgz#8babea2c41a9f734313b4fc1841ec0963c9d7a07"

refmterr@^3.1.7:
  version "3.1.7"
  resolved "https://registry.yarnpkg.com/refmterr/-/refmterr-3.1.7.tgz#fdd6a58e212b18c6a0685ff21f27a7df6621b3e8"
  dependencies:
    "@esy-ocaml/reason" "^3.0.0"
    "@opam/jbuilder" "*"
    "@opam/re" "*"
  peerDependencies:
    ocaml " >= 4.2.0  < 4.7.0"
